
Microsoft Visual Studio Solution File, Format Version 12.00
# Visual Studio Version 17
VisualStudioVersion = 17.1.32421.90
MinimumVisualStudioVersion = 10.0.40219.1
Project("{9A19103F-16F7-4668-BE54-9A1E7A4F7556}") = "FontExport", "FontExport\FontExport.csproj", "{ACD1C272-EB4C-48B4-BE34-D7F00E35A657}"
EndProject
Project("{2150E333-8FDC-42A3-9474-1A3956D46DE8}") = "Project", "Project", "{29FD1193-9673-48D0-803F-297357E1F7D3}"
	ProjectSection(SolutionItems) = preProject
		LICENSE = LICENSE
		README.md = README.md
	EndProjectSection
EndProject
Global
	GlobalSection(SolutionConfigurationPlatforms) = preSolution
		Debug|Any CPU = Debug|Any CPU
		Release|Any CPU = Release|Any CPU
	EndGlobalSection
	GlobalSection(ProjectConfigurationPlatforms) = postSolution
		{ACD1C272-EB4C-48B4-BE34-D7F00E35A657}.Debug|Any CPU.ActiveCfg = Debug|Any CPU
		{ACD1C272-EB4C-48B4-BE34-D7F00E35A657}.Debug|Any CPU.Build.0 = Debug|Any CPU
		{ACD1C272-EB4C-48B4-BE34-D7F00E35A657}.Release|Any CPU.ActiveCfg = Release|Any CPU
		{ACD1C272-EB4C-48B4-BE34-D7F00E35A657}.Release|Any CPU.Build.0 = Release|Any CPU
	EndGlobalSection
	GlobalSection(SolutionProperties) = preSolution
		HideSolutionNode = FALSE
	EndGlobalSection
	GlobalSection(ExtensibilityGlobals) = postSolution
		SolutionGuid = {D6277ED5-6E87-42C3-871C-C8A431FF52B7}
	EndGlobalSection
EndGlobal
